
Microsoft Visual Studio Solution File, Format Version 12.00
# Visual Studio Version 17
VisualStudioVersion = 17.4.33205.214
MinimumVisualStudioVersion = 10.0.40219.1
Project("{9A19103F-16F7-4668-BE54-9A1E7A4F7556}") = "g2.Datastructures", "g2.Quadtree\g2.Datastructures.csproj", "{32E1E178-262A-4522-9BE8-9DD87FA3E0E2}"
EndProject
Project("{9A19103F-16F7-4668-BE54-9A1E7A4F7556}") = "g2.Datastructures.ConsoleUI", "g2.Guadtree.ConsoleUI\g2.Datastructures.ConsoleUI.csproj", "{CD69A3D8-65D2-4BA0-A141-35026F937587}"
EndProject
Project("{2150E333-8FDC-42A3-9474-1A3956D46DE8}") = "Solution Items", "Solution Items", "{E466635B-7F29-4F36-8071-82BD21CB821E}"
	ProjectSection(SolutionItems) = preProject
		.editorconfig = .editorconfig
		sources\Codingtrain\quadtree.js = sources\Codingtrain\quadtree.js
	EndProjectSection
EndProject
Project("{9A19103F-16F7-4668-BE54-9A1E7A4F7556}") = "g2.Animation.DesktopWPFUI", "g2.QuadTree.DesktopWPFUI\g2.Animation.DesktopWPFUI.csproj", "{A13C081D-5D09-4A01-BEC0-71B8BCD11E9F}"
EndProject
Project("{9A19103F-16F7-4668-BE54-9A1E7A4F7556}") = "g2.Animation.Tests", "g2.Animation.Tests\g2.Animation.Tests.csproj", "{EC402BCE-70FE-4651-8C71-187F0CA55667}"
EndProject
Project("{FAE04EC0-301F-11D3-BF4B-00C04F79EFBC}") = "g2.Animation.Core", "g2.Animation\g2.Animation.Core.csproj", "{AA1C6D1E-BF08-4D36-87AA-79988E06EE3C}"
EndProject
Project("{FAE04EC0-301F-11D3-BF4B-00C04F79EFBC}") = "g2.Animation.UI.WPF", "g2.Animation.WPF\g2.Animation.UI.WPF.csproj", "{93CB798B-3151-4E2E-9DC6-3BC74FB3B6BC}"
EndProject
Global
	GlobalSection(SolutionConfigurationPlatforms) = preSolution
		Debug|Any CPU = Debug|Any CPU
		Release|Any CPU = Release|Any CPU
	EndGlobalSection
	GlobalSection(ProjectConfigurationPlatforms) = postSolution
		{32E1E178-262A-4522-9BE8-9DD87FA3E0E2}.Debug|Any CPU.ActiveCfg = Debug|Any CPU
		{32E1E178-262A-4522-9BE8-9DD87FA3E0E2}.Debug|Any CPU.Build.0 = Debug|Any CPU
		{32E1E178-262A-4522-9BE8-9DD87FA3E0E2}.Release|Any CPU.ActiveCfg = Release|Any CPU
		{32E1E178-262A-4522-9BE8-9DD87FA3E0E2}.Release|Any CPU.Build.0 = Release|Any CPU
		{CD69A3D8-65D2-4BA0-A141-35026F937587}.Debug|Any CPU.ActiveCfg = Debug|Any CPU
		{CD69A3D8-65D2-4BA0-A141-35026F937587}.Debug|Any CPU.Build.0 = Debug|Any CPU
		{CD69A3D8-65D2-4BA0-A141-35026F937587}.Release|Any CPU.ActiveCfg = Release|Any CPU
		{CD69A3D8-65D2-4BA0-A141-35026F937587}.Release|Any CPU.Build.0 = Release|Any CPU
		{A13C081D-5D09-4A01-BEC0-71B8BCD11E9F}.Debug|Any CPU.ActiveCfg = Debug|Any CPU
		{A13C081D-5D09-4A01-BEC0-71B8BCD11E9F}.Debug|Any CPU.Build.0 = Debug|Any CPU
		{A13C081D-5D09-4A01-BEC0-71B8BCD11E9F}.Release|Any CPU.ActiveCfg = Release|Any CPU
		{A13C081D-5D09-4A01-BEC0-71B8BCD11E9F}.Release|Any CPU.Build.0 = Release|Any CPU
		{EC402BCE-70FE-4651-8C71-187F0CA55667}.Debug|Any CPU.ActiveCfg = Debug|Any CPU
		{EC402BCE-70FE-4651-8C71-187F0CA55667}.Debug|Any CPU.Build.0 = Debug|Any CPU
		{EC402BCE-70FE-4651-8C71-187F0CA55667}.Release|Any CPU.ActiveCfg = Release|Any CPU
		{EC402BCE-70FE-4651-8C71-187F0CA55667}.Release|Any CPU.Build.0 = Release|Any CPU
		{AA1C6D1E-BF08-4D36-87AA-79988E06EE3C}.Debug|Any CPU.ActiveCfg = Debug|Any CPU
		{AA1C6D1E-BF08-4D36-87AA-79988E06EE3C}.Debug|Any CPU.Build.0 = Debug|Any CPU
		{AA1C6D1E-BF08-4D36-87AA-79988E06EE3C}.Release|Any CPU.ActiveCfg = Release|Any CPU
		{AA1C6D1E-BF08-4D36-87AA-79988E06EE3C}.Release|Any CPU.Build.0 = Release|Any CPU
		{93CB798B-3151-4E2E-9DC6-3BC74FB3B6BC}.Debug|Any CPU.ActiveCfg = Debug|Any CPU
		{93CB798B-3151-4E2E-9DC6-3BC74FB3B6BC}.Debug|Any CPU.Build.0 = Debug|Any CPU
		{93CB798B-3151-4E2E-9DC6-3BC74FB3B6BC}.Release|Any CPU.ActiveCfg = Release|Any CPU
		{93CB798B-3151-4E2E-9DC6-3BC74FB3B6BC}.Release|Any CPU.Build.0 = Release|Any CPU
	EndGlobalSection
	GlobalSection(SolutionProperties) = preSolution
		HideSolutionNode = FALSE
	EndGlobalSection
	GlobalSection(ExtensibilityGlobals) = postSolution
		SolutionGuid = {5CAECE68-7624-414E-BD8F-AB9AAB0C248B}
	EndGlobalSection
EndGlobal
