
Microsoft Visual Studio Solution File, Format Version 12.00
# Visual Studio Version 17
VisualStudioVersion = 17.6.33417.168
MinimumVisualStudioVersion = 10.0.40219.1
Project("{2150E333-8FDC-42A3-9474-1A3956D46DE8}") = "src", "src", "{D04AC2C1-4941-4CD5-9AD4-0377B939E55A}"
EndProject
Project("{2150E333-8FDC-42A3-9474-1A3956D46DE8}") = "examples", "examples", "{DDB69E4C-CE8F-4FF4-8696-928F3626A667}"
EndProject
Project("{2150E333-8FDC-42A3-9474-1A3956D46DE8}") = "DotNet6", "DotNet6", "{56F81BB0-6C0E-43C2-A0F3-7A94A27B215A}"
EndProject
Project("{2150E333-8FDC-42A3-9474-1A3956D46DE8}") = "Desktop", "Desktop", "{4EA16AB5-4443-401B-A830-89A126DF6F2E}"
EndProject
Project("{2150E333-8FDC-42A3-9474-1A3956D46DE8}") = "WPF", "WPF", "{D4444508-B821-4CCB-914A-F451545E3D23}"
EndProject
Project("{2150E333-8FDC-42A3-9474-1A3956D46DE8}") = "BasicDesktopExample", "BasicDesktopExample", "{EBA73D95-53DF-416D-A7A2-1C262254416C}"
EndProject
Project("{2150E333-8FDC-42A3-9474-1A3956D46DE8}") = "Core", "Core", "{1E6A97A6-6FD8-4BDF-A4E3-205C7D9C403E}"
EndProject
Project("{2150E333-8FDC-42A3-9474-1A3956D46DE8}") = "UI", "UI", "{2274FC1B-CB6C-450C-84DB-D9ABC7555164}"
EndProject
Project("{2150E333-8FDC-42A3-9474-1A3956D46DE8}") = "DotNet6", "DotNet6", "{1AB0A1BD-E1F9-4DBF-AEF4-8895271438A9}"
EndProject
Project("{2150E333-8FDC-42A3-9474-1A3956D46DE8}") = "Library", "Library", "{496FB330-4D4B-45BA-9E70-D3E5433D21C3}"
EndProject
Project("{2150E333-8FDC-42A3-9474-1A3956D46DE8}") = "src", "src", "{B4B6B300-615D-4DD7-BF41-A61A565B35C7}"
EndProject
Project("{2150E333-8FDC-42A3-9474-1A3956D46DE8}") = "publish", "publish", "{D6D1897C-D9D7-45AB-8FF4-77E6A6A572E8}"
EndProject
Project("{2150E333-8FDC-42A3-9474-1A3956D46DE8}") = "tests", "tests", "{A92D2837-33C0-49B7-AF92-82CF1C251E54}"
EndProject
Project("{2150E333-8FDC-42A3-9474-1A3956D46DE8}") = "benchmarks", "benchmarks", "{CA1F2660-9EC6-4AB6-9145-53D306E6B65F}"
EndProject
Project("{2150E333-8FDC-42A3-9474-1A3956D46DE8}") = "unitTests", "unitTests", "{17CD3101-901F-4A2F-A1C8-37DC08DE3A2E}"
EndProject
Project("{2150E333-8FDC-42A3-9474-1A3956D46DE8}") = "g2.Animation.Core.UnitTests", "g2.Animation.Core.UnitTests", "{60D032C4-BB38-4C3E-8CDF-7F4F71A8B683}"
EndProject
Project("{9A19103F-16F7-4668-BE54-9A1E7A4F7556}") = "g2.Animation.Core.UnitTests", "src\Core\DotNet6\Library\tests\unitTests\g2.Animation.Core.UnitTests\g2.Animation.Core.UnitTests.csproj", "{D6FD2F59-16D4-4151-9946-458AD3D50A7F}"
EndProject
Project("{2150E333-8FDC-42A3-9474-1A3956D46DE8}") = "g2.Animation.Core.Benchmarks", "g2.Animation.Core.Benchmarks", "{4014EE01-1C15-434E-A566-A72C5144649B}"
EndProject
Project("{9A19103F-16F7-4668-BE54-9A1E7A4F7556}") = "g2.Animation.Core.Benchmarks", "src\Core\DotNet6\Library\tests\benchmarks\g2.Animation.Core.Benchmarks\g2.Animation.Core.Benchmarks.csproj", "{914B06CE-AAEA-451F-B8D3-30CA17651EBC}"
EndProject
Project("{2150E333-8FDC-42A3-9474-1A3956D46DE8}") = "g2.Animation.Core", "g2.Animation.Core", "{F6C6235B-B232-4E1E-8A3F-EE08042D9938}"
EndProject
Project("{9A19103F-16F7-4668-BE54-9A1E7A4F7556}") = "g2.Animation.Core", "src\Core\DotNet6\Library\src\g2.Animation.Core\g2.Animation.Core.csproj", "{F69BB137-4299-4F2B-ADB6-AF14436CDBFB}"
EndProject
Project("{2150E333-8FDC-42A3-9474-1A3956D46DE8}") = "DotNet6", "DotNet6", "{CAB87FE1-4F38-41E5-A042-2892DBA5DF0B}"
EndProject
Project("{2150E333-8FDC-42A3-9474-1A3956D46DE8}") = "Library", "Library", "{BCD902DF-9242-43D0-8DA8-6743DF10B380}"
EndProject
Project("{2150E333-8FDC-42A3-9474-1A3956D46DE8}") = "Desktop", "Desktop", "{B9BBBD77-03B8-4C42-8DCB-95D7E195CD4B}"
EndProject
Project("{2150E333-8FDC-42A3-9474-1A3956D46DE8}") = "WPF", "WPF", "{70588085-2D62-476F-A9DA-37FD445591B5}"
EndProject
Project("{2150E333-8FDC-42A3-9474-1A3956D46DE8}") = "publish", "publish", "{319601B2-650D-4B10-972C-22ADF7FB8DA4}"
EndProject
Project("{2150E333-8FDC-42A3-9474-1A3956D46DE8}") = "src", "src", "{3D832017-96C4-4CE2-9439-8A632B3515D1}"
EndProject
Project("{2150E333-8FDC-42A3-9474-1A3956D46DE8}") = "tests", "tests", "{DB8F59EA-A138-4430-9134-8FD6A150A580}"
EndProject
Project("{2150E333-8FDC-42A3-9474-1A3956D46DE8}") = "g2.Animation.UI.WPF", "g2.Animation.UI.WPF", "{B76B458B-9769-447C-B484-F9D4A87F8742}"
EndProject
Project("{9A19103F-16F7-4668-BE54-9A1E7A4F7556}") = "g2.Animation.UI.WPF", "src\UI\DotNet6\Library\Desktop\WPF\src\g2.Animation.UI.WPF\g2.Animation.UI.WPF.csproj", "{377AE737-B745-477D-91D9-BFB3672FCEFB}"
EndProject
Project("{2150E333-8FDC-42A3-9474-1A3956D46DE8}") = "benchmarks", "benchmarks", "{B8644DC8-2138-4215-A9F7-E8623ACE9718}"
EndProject
Project("{2150E333-8FDC-42A3-9474-1A3956D46DE8}") = "unitTests", "unitTests", "{CA3BF4F6-976C-4277-A649-1706AF5E0CC3}"
EndProject
Project("{2150E333-8FDC-42A3-9474-1A3956D46DE8}") = "references", "references", "{1B8D7272-6E10-4E90-93FE-56E639683D12}"
EndProject
Project("{9A19103F-16F7-4668-BE54-9A1E7A4F7556}") = "g2.Animation.BasicDesktopExample", "examples\DotNet6\Desktop\WPF\BasicDesktopExample\g2.Animation.BasicDesktopExample.csproj", "{AC008ACC-D056-4978-89FD-0FF7E8313B61}"
EndProject
Project("{9A19103F-16F7-4668-BE54-9A1E7A4F7556}") = "g2.Datastructures", "..\g2.Datastructures\src\DotNet6\Api\src\g2.Datastructures\g2.Datastructures.csproj", "{05BD5076-56E0-47EF-B6D5-944BBFF52EFC}"
EndProject
Global
	GlobalSection(SolutionConfigurationPlatforms) = preSolution
		Debug|Any CPU = Debug|Any CPU
		Release|Any CPU = Release|Any CPU
	EndGlobalSection
	GlobalSection(ProjectConfigurationPlatforms) = postSolution
		{D6FD2F59-16D4-4151-9946-458AD3D50A7F}.Debug|Any CPU.ActiveCfg = Debug|Any CPU
		{D6FD2F59-16D4-4151-9946-458AD3D50A7F}.Debug|Any CPU.Build.0 = Debug|Any CPU
		{D6FD2F59-16D4-4151-9946-458AD3D50A7F}.Release|Any CPU.ActiveCfg = Release|Any CPU
		{D6FD2F59-16D4-4151-9946-458AD3D50A7F}.Release|Any CPU.Build.0 = Release|Any CPU
		{914B06CE-AAEA-451F-B8D3-30CA17651EBC}.Debug|Any CPU.ActiveCfg = Debug|Any CPU
		{914B06CE-AAEA-451F-B8D3-30CA17651EBC}.Debug|Any CPU.Build.0 = Debug|Any CPU
		{914B06CE-AAEA-451F-B8D3-30CA17651EBC}.Release|Any CPU.ActiveCfg = Release|Any CPU
		{914B06CE-AAEA-451F-B8D3-30CA17651EBC}.Release|Any CPU.Build.0 = Release|Any CPU
		{F69BB137-4299-4F2B-ADB6-AF14436CDBFB}.Debug|Any CPU.ActiveCfg = Debug|Any CPU
		{F69BB137-4299-4F2B-ADB6-AF14436CDBFB}.Debug|Any CPU.Build.0 = Debug|Any CPU
		{F69BB137-4299-4F2B-ADB6-AF14436CDBFB}.Release|Any CPU.ActiveCfg = Release|Any CPU
		{F69BB137-4299-4F2B-ADB6-AF14436CDBFB}.Release|Any CPU.Build.0 = Release|Any CPU
		{377AE737-B745-477D-91D9-BFB3672FCEFB}.Debug|Any CPU.ActiveCfg = Debug|Any CPU
		{377AE737-B745-477D-91D9-BFB3672FCEFB}.Debug|Any CPU.Build.0 = Debug|Any CPU
		{377AE737-B745-477D-91D9-BFB3672FCEFB}.Release|Any CPU.ActiveCfg = Release|Any CPU
		{377AE737-B745-477D-91D9-BFB3672FCEFB}.Release|Any CPU.Build.0 = Release|Any CPU
		{AC008ACC-D056-4978-89FD-0FF7E8313B61}.Debug|Any CPU.ActiveCfg = Debug|Any CPU
		{AC008ACC-D056-4978-89FD-0FF7E8313B61}.Debug|Any CPU.Build.0 = Debug|Any CPU
		{AC008ACC-D056-4978-89FD-0FF7E8313B61}.Release|Any CPU.ActiveCfg = Release|Any CPU
		{AC008ACC-D056-4978-89FD-0FF7E8313B61}.Release|Any CPU.Build.0 = Release|Any CPU
		{05BD5076-56E0-47EF-B6D5-944BBFF52EFC}.Debug|Any CPU.ActiveCfg = Debug|Any CPU
		{05BD5076-56E0-47EF-B6D5-944BBFF52EFC}.Debug|Any CPU.Build.0 = Debug|Any CPU
		{05BD5076-56E0-47EF-B6D5-944BBFF52EFC}.Release|Any CPU.ActiveCfg = Release|Any CPU
		{05BD5076-56E0-47EF-B6D5-944BBFF52EFC}.Release|Any CPU.Build.0 = Release|Any CPU
	EndGlobalSection
	GlobalSection(SolutionProperties) = preSolution
		HideSolutionNode = FALSE
	EndGlobalSection
	GlobalSection(NestedProjects) = preSolution
		{56F81BB0-6C0E-43C2-A0F3-7A94A27B215A} = {DDB69E4C-CE8F-4FF4-8696-928F3626A667}
		{4EA16AB5-4443-401B-A830-89A126DF6F2E} = {56F81BB0-6C0E-43C2-A0F3-7A94A27B215A}
		{D4444508-B821-4CCB-914A-F451545E3D23} = {4EA16AB5-4443-401B-A830-89A126DF6F2E}
		{EBA73D95-53DF-416D-A7A2-1C262254416C} = {D4444508-B821-4CCB-914A-F451545E3D23}
		{1E6A97A6-6FD8-4BDF-A4E3-205C7D9C403E} = {D04AC2C1-4941-4CD5-9AD4-0377B939E55A}
		{2274FC1B-CB6C-450C-84DB-D9ABC7555164} = {D04AC2C1-4941-4CD5-9AD4-0377B939E55A}
		{1AB0A1BD-E1F9-4DBF-AEF4-8895271438A9} = {1E6A97A6-6FD8-4BDF-A4E3-205C7D9C403E}
		{496FB330-4D4B-45BA-9E70-D3E5433D21C3} = {1AB0A1BD-E1F9-4DBF-AEF4-8895271438A9}
		{B4B6B300-615D-4DD7-BF41-A61A565B35C7} = {496FB330-4D4B-45BA-9E70-D3E5433D21C3}
		{D6D1897C-D9D7-45AB-8FF4-77E6A6A572E8} = {496FB330-4D4B-45BA-9E70-D3E5433D21C3}
		{A92D2837-33C0-49B7-AF92-82CF1C251E54} = {496FB330-4D4B-45BA-9E70-D3E5433D21C3}
		{CA1F2660-9EC6-4AB6-9145-53D306E6B65F} = {A92D2837-33C0-49B7-AF92-82CF1C251E54}
		{17CD3101-901F-4A2F-A1C8-37DC08DE3A2E} = {A92D2837-33C0-49B7-AF92-82CF1C251E54}
		{60D032C4-BB38-4C3E-8CDF-7F4F71A8B683} = {17CD3101-901F-4A2F-A1C8-37DC08DE3A2E}
		{D6FD2F59-16D4-4151-9946-458AD3D50A7F} = {60D032C4-BB38-4C3E-8CDF-7F4F71A8B683}
		{4014EE01-1C15-434E-A566-A72C5144649B} = {CA1F2660-9EC6-4AB6-9145-53D306E6B65F}
		{914B06CE-AAEA-451F-B8D3-30CA17651EBC} = {4014EE01-1C15-434E-A566-A72C5144649B}
		{F6C6235B-B232-4E1E-8A3F-EE08042D9938} = {B4B6B300-615D-4DD7-BF41-A61A565B35C7}
		{F69BB137-4299-4F2B-ADB6-AF14436CDBFB} = {F6C6235B-B232-4E1E-8A3F-EE08042D9938}
		{CAB87FE1-4F38-41E5-A042-2892DBA5DF0B} = {2274FC1B-CB6C-450C-84DB-D9ABC7555164}
		{BCD902DF-9242-43D0-8DA8-6743DF10B380} = {CAB87FE1-4F38-41E5-A042-2892DBA5DF0B}
		{B9BBBD77-03B8-4C42-8DCB-95D7E195CD4B} = {BCD902DF-9242-43D0-8DA8-6743DF10B380}
		{70588085-2D62-476F-A9DA-37FD445591B5} = {B9BBBD77-03B8-4C42-8DCB-95D7E195CD4B}
		{319601B2-650D-4B10-972C-22ADF7FB8DA4} = {70588085-2D62-476F-A9DA-37FD445591B5}
		{3D832017-96C4-4CE2-9439-8A632B3515D1} = {70588085-2D62-476F-A9DA-37FD445591B5}
		{DB8F59EA-A138-4430-9134-8FD6A150A580} = {70588085-2D62-476F-A9DA-37FD445591B5}
		{B76B458B-9769-447C-B484-F9D4A87F8742} = {3D832017-96C4-4CE2-9439-8A632B3515D1}
		{377AE737-B745-477D-91D9-BFB3672FCEFB} = {B76B458B-9769-447C-B484-F9D4A87F8742}
		{B8644DC8-2138-4215-A9F7-E8623ACE9718} = {DB8F59EA-A138-4430-9134-8FD6A150A580}
		{CA3BF4F6-976C-4277-A649-1706AF5E0CC3} = {DB8F59EA-A138-4430-9134-8FD6A150A580}
		{AC008ACC-D056-4978-89FD-0FF7E8313B61} = {EBA73D95-53DF-416D-A7A2-1C262254416C}
		{05BD5076-56E0-47EF-B6D5-944BBFF52EFC} = {1B8D7272-6E10-4E90-93FE-56E639683D12}
	EndGlobalSection
	GlobalSection(ExtensibilityGlobals) = postSolution
		SolutionGuid = {8840D777-8A8B-48E1-AC3A-302288A7A2EA}
	EndGlobalSection
EndGlobal
