
Microsoft Visual Studio Solution File, Format Version 12.00
# Visual Studio Version 17
VisualStudioVersion = 17.5.33424.131
MinimumVisualStudioVersion = 10.0.40219.1
Project("{9A19103F-16F7-4668-BE54-9A1E7A4F7556}") = "g2.Animation.UI.WPF", "DotNet6\Library\Desktop\WPF\src\g2.Animation.UI.WPF\g2.Animation.UI.WPF.csproj", "{1735B58B-3AC8-48ED-9C7B-AAC8E4E85AC9}"
EndProject
Project("{2150E333-8FDC-42A3-9474-1A3956D46DE8}") = "DotNet6", "DotNet6", "{10DFCDFD-1806-4F17-BE1A-4D94E5B6C509}"
EndProject
Project("{2150E333-8FDC-42A3-9474-1A3956D46DE8}") = "Library", "Library", "{E737B48F-2E6D-4743-B5E5-F56CAA3F99EE}"
EndProject
Project("{2150E333-8FDC-42A3-9474-1A3956D46DE8}") = "Desktop", "Desktop", "{07E92D42-FB02-4C97-B02A-405BF2250B90}"
EndProject
Project("{2150E333-8FDC-42A3-9474-1A3956D46DE8}") = "WPF", "WPF", "{7F2C1700-9B82-40CA-BBCD-7DC58E2A77AD}"
EndProject
Project("{2150E333-8FDC-42A3-9474-1A3956D46DE8}") = "src", "src", "{32025E72-FD93-4508-BB84-24AD6EFD2861}"
EndProject
Project("{2150E333-8FDC-42A3-9474-1A3956D46DE8}") = "tests", "tests", "{6970E6E6-F592-491F-8D82-E7FE32D57CAE}"
EndProject
Project("{2150E333-8FDC-42A3-9474-1A3956D46DE8}") = "unitTests", "unitTests", "{8BAB2179-07A8-4813-B7C1-602A18D262CD}"
EndProject
Project("{2150E333-8FDC-42A3-9474-1A3956D46DE8}") = "benchmarks", "benchmarks", "{AFA1EE45-F60B-48B0-BBCC-E2478986547E}"
EndProject
Project("{2150E333-8FDC-42A3-9474-1A3956D46DE8}") = "g2.Animation.UI.WPF", "g2.Animation.UI.WPF", "{485F2341-092A-4D8B-83DD-25A67D73DC6C}"
EndProject
Global
	GlobalSection(SolutionConfigurationPlatforms) = preSolution
		Debug|Any CPU = Debug|Any CPU
		Release|Any CPU = Release|Any CPU
	EndGlobalSection
	GlobalSection(ProjectConfigurationPlatforms) = postSolution
		{1735B58B-3AC8-48ED-9C7B-AAC8E4E85AC9}.Debug|Any CPU.ActiveCfg = Debug|Any CPU
		{1735B58B-3AC8-48ED-9C7B-AAC8E4E85AC9}.Debug|Any CPU.Build.0 = Debug|Any CPU
		{1735B58B-3AC8-48ED-9C7B-AAC8E4E85AC9}.Release|Any CPU.ActiveCfg = Release|Any CPU
		{1735B58B-3AC8-48ED-9C7B-AAC8E4E85AC9}.Release|Any CPU.Build.0 = Release|Any CPU
	EndGlobalSection
	GlobalSection(SolutionProperties) = preSolution
		HideSolutionNode = FALSE
	EndGlobalSection
	GlobalSection(NestedProjects) = preSolution
		{1735B58B-3AC8-48ED-9C7B-AAC8E4E85AC9} = {485F2341-092A-4D8B-83DD-25A67D73DC6C}
		{E737B48F-2E6D-4743-B5E5-F56CAA3F99EE} = {10DFCDFD-1806-4F17-BE1A-4D94E5B6C509}
		{07E92D42-FB02-4C97-B02A-405BF2250B90} = {E737B48F-2E6D-4743-B5E5-F56CAA3F99EE}
		{7F2C1700-9B82-40CA-BBCD-7DC58E2A77AD} = {07E92D42-FB02-4C97-B02A-405BF2250B90}
		{32025E72-FD93-4508-BB84-24AD6EFD2861} = {7F2C1700-9B82-40CA-BBCD-7DC58E2A77AD}
		{6970E6E6-F592-491F-8D82-E7FE32D57CAE} = {7F2C1700-9B82-40CA-BBCD-7DC58E2A77AD}
		{8BAB2179-07A8-4813-B7C1-602A18D262CD} = {6970E6E6-F592-491F-8D82-E7FE32D57CAE}
		{AFA1EE45-F60B-48B0-BBCC-E2478986547E} = {6970E6E6-F592-491F-8D82-E7FE32D57CAE}
		{485F2341-092A-4D8B-83DD-25A67D73DC6C} = {32025E72-FD93-4508-BB84-24AD6EFD2861}
	EndGlobalSection
	GlobalSection(ExtensibilityGlobals) = postSolution
		SolutionGuid = {92A9CB82-149B-4838-94D7-9220A8632D45}
	EndGlobalSection
EndGlobal
