
Microsoft Visual Studio Solution File, Format Version 12.00
# Visual Studio Version 17
VisualStudioVersion = 17.6.33417.168
MinimumVisualStudioVersion = 10.0.40219.1
Project("{9A19103F-16F7-4668-BE54-9A1E7A4F7556}") = "g2.Datastructures", "g2.Datastructures.csproj", "{AF431E73-C7DB-4077-9347-3B29EDD8DFC5}"
EndProject
Global
	GlobalSection(SolutionConfigurationPlatforms) = preSolution
		Debug|Any CPU = Debug|Any CPU
		Release|Any CPU = Release|Any CPU
	EndGlobalSection
	GlobalSection(ProjectConfigurationPlatforms) = postSolution
		{AF431E73-C7DB-4077-9347-3B29EDD8DFC5}.Debug|Any CPU.ActiveCfg = Debug|Any CPU
		{AF431E73-C7DB-4077-9347-3B29EDD8DFC5}.Debug|Any CPU.Build.0 = Debug|Any CPU
		{AF431E73-C7DB-4077-9347-3B29EDD8DFC5}.Release|Any CPU.ActiveCfg = Release|Any CPU
		{AF431E73-C7DB-4077-9347-3B29EDD8DFC5}.Release|Any CPU.Build.0 = Release|Any CPU
	EndGlobalSection
	GlobalSection(SolutionProperties) = preSolution
		HideSolutionNode = FALSE
	EndGlobalSection
	GlobalSection(ExtensibilityGlobals) = postSolution
		SolutionGuid = {B9A1A7A1-DCA0-4CF2-802B-B623EA0E020D}
	EndGlobalSection
EndGlobal
