
Microsoft Visual Studio Solution File, Format Version 12.00
# Visual Studio Version 17
VisualStudioVersion = 17.4.33213.308
MinimumVisualStudioVersion = 10.0.40219.1
Project("{9A19103F-16F7-4668-BE54-9A1E7A4F7556}") = "g2.Datastructures.Trees", "g2.Datastructures.Trees.csproj", "{F8210E39-507E-4C60-B009-91F638D8B3BC}"
EndProject
Project("{9A19103F-16F7-4668-BE54-9A1E7A4F7556}") = "g2.Datastructures", "..\g2.Datastructures.csproj", "{290EC1F3-0ADD-4EE0-9AA5-67EB91B3AFE4}"
EndProject
Project("{9A19103F-16F7-4668-BE54-9A1E7A4F7556}") = "g2.Datastructures.Trees.DesktopWPFUI", "TestDesktopWPFUI\g2.Datastructures.Trees.DesktopWPFUI.csproj", "{942138B2-113E-4F02-9EE2-F2A589C7054F}"
EndProject
Global
	GlobalSection(SolutionConfigurationPlatforms) = preSolution
		Debug|Any CPU = Debug|Any CPU
		Release|Any CPU = Release|Any CPU
	EndGlobalSection
	GlobalSection(ProjectConfigurationPlatforms) = postSolution
		{F8210E39-507E-4C60-B009-91F638D8B3BC}.Debug|Any CPU.ActiveCfg = Debug|Any CPU
		{F8210E39-507E-4C60-B009-91F638D8B3BC}.Debug|Any CPU.Build.0 = Debug|Any CPU
		{F8210E39-507E-4C60-B009-91F638D8B3BC}.Release|Any CPU.ActiveCfg = Release|Any CPU
		{F8210E39-507E-4C60-B009-91F638D8B3BC}.Release|Any CPU.Build.0 = Release|Any CPU
		{290EC1F3-0ADD-4EE0-9AA5-67EB91B3AFE4}.Debug|Any CPU.ActiveCfg = Debug|Any CPU
		{290EC1F3-0ADD-4EE0-9AA5-67EB91B3AFE4}.Debug|Any CPU.Build.0 = Debug|Any CPU
		{290EC1F3-0ADD-4EE0-9AA5-67EB91B3AFE4}.Release|Any CPU.ActiveCfg = Release|Any CPU
		{290EC1F3-0ADD-4EE0-9AA5-67EB91B3AFE4}.Release|Any CPU.Build.0 = Release|Any CPU
		{942138B2-113E-4F02-9EE2-F2A589C7054F}.Debug|Any CPU.ActiveCfg = Debug|Any CPU
		{942138B2-113E-4F02-9EE2-F2A589C7054F}.Debug|Any CPU.Build.0 = Debug|Any CPU
		{942138B2-113E-4F02-9EE2-F2A589C7054F}.Release|Any CPU.ActiveCfg = Release|Any CPU
		{942138B2-113E-4F02-9EE2-F2A589C7054F}.Release|Any CPU.Build.0 = Release|Any CPU
	EndGlobalSection
	GlobalSection(SolutionProperties) = preSolution
		HideSolutionNode = FALSE
	EndGlobalSection
	GlobalSection(ExtensibilityGlobals) = postSolution
		SolutionGuid = {011C5A42-CDD9-4071-979C-72153A1690FA}
	EndGlobalSection
EndGlobal
