
Microsoft Visual Studio Solution File, Format Version 12.00
# Visual Studio Version 17
VisualStudioVersion = 17.4.33213.308
MinimumVisualStudioVersion = 10.0.40219.1
Project("{2150E333-8FDC-42A3-9474-1A3956D46DE8}") = "sources", "sources", "{19034627-21F5-4304-B322-D4C79B0C067E}"
	ProjectSection(SolutionItems) = preProject
		..\sources\Wiki\CPPImplementation.cpp = ..\sources\Wiki\CPPImplementation.cpp
		..\sources\Wiki\Pseudocode.txt = ..\sources\Wiki\Pseudocode.txt
		..\sources\Codingtrain\quadtree.js = ..\sources\Codingtrain\quadtree.js
	EndProjectSection
EndProject
Project("{9A19103F-16F7-4668-BE54-9A1E7A4F7556}") = "g2.Animation.Tests", "Tests\g2.Animation.Tests.csproj", "{1AD9A19A-255C-4838-83C5-D24E4DAA1CF1}"
EndProject
Project("{9A19103F-16F7-4668-BE54-9A1E7A4F7556}") = "g2.Animation.TestWPFDesktopApp", "TestWPFDesktopApp\g2.Animation.TestWPFDesktopApp.csproj", "{11CE7CBA-A4F6-4AB4-882F-29F79BAFCF22}"
EndProject
Project("{9A19103F-16F7-4668-BE54-9A1E7A4F7556}") = "g2.Animation.UI.WPF.Shapes.Library", "UI\WPF\Shapes\g2.Animation.UI.WPF.Shapes.Library.csproj", "{2C22BCAF-7A37-4702-A877-43E8B683CAA0}"
EndProject
Project("{9A19103F-16F7-4668-BE54-9A1E7A4F7556}") = "g2.Animation.UI.Models.Library", "UI\WPF\MVVM\Models\g2.Animation.UI.Models.Library.csproj", "{3792AC96-6827-49C9-BC3B-B8685D96F417}"
EndProject
Project("{2150E333-8FDC-42A3-9474-1A3956D46DE8}") = "Core", "Core", "{BF7C900F-DC0D-4115-8023-6E56181CF7B8}"
EndProject
Project("{2150E333-8FDC-42A3-9474-1A3956D46DE8}") = "Tests", "Tests", "{79DF2053-2658-4F71-B3D0-8C6597EFD244}"
EndProject
Project("{2150E333-8FDC-42A3-9474-1A3956D46DE8}") = "UI", "UI", "{8A3CBD5A-DE9F-44B4-B9B4-53D5FACC35DC}"
EndProject
Project("{2150E333-8FDC-42A3-9474-1A3956D46DE8}") = "WPF", "WPF", "{2822D680-99A8-4120-B8FC-E662604828FE}"
EndProject
Project("{2150E333-8FDC-42A3-9474-1A3956D46DE8}") = "MVVM", "MVVM", "{29AB09A8-B141-4D8D-9E1F-FA31B1CA308D}"
EndProject
Project("{2150E333-8FDC-42A3-9474-1A3956D46DE8}") = "Shapes", "Shapes", "{AD18D6A8-13C1-47AC-956C-A82577358922}"
EndProject
Project("{2150E333-8FDC-42A3-9474-1A3956D46DE8}") = "Views", "Views", "{6BAB8681-1735-4591-9433-AF33C68A3CD1}"
EndProject
Project("{2150E333-8FDC-42A3-9474-1A3956D46DE8}") = "Models", "Models", "{872E7A36-BAC5-4123-BC3F-2FDD16979C11}"
EndProject
Project("{2150E333-8FDC-42A3-9474-1A3956D46DE8}") = "ViewModels", "ViewModels", "{8BC0DE7E-F3C6-41E2-B8E3-5844DAFAF6ED}"
EndProject
Project("{2150E333-8FDC-42A3-9474-1A3956D46DE8}") = "Datastructures", "Datastructures", "{3790E2B8-2C7F-470F-99C9-82F41427565E}"
EndProject
Project("{9A19103F-16F7-4668-BE54-9A1E7A4F7556}") = "g2.Animation.Core", "Core\g2.Animation.Core.csproj", "{7FF64157-C2FB-4C79-B460-BBC03D541ADC}"
EndProject
Project("{9A19103F-16F7-4668-BE54-9A1E7A4F7556}") = "g2.Datastructures", "..\Datastructures\g2.Datastructures.csproj", "{CD02D2D4-A12F-43B7-BF7A-5EF0042D5F8D}"
EndProject
Project("{2150E333-8FDC-42A3-9474-1A3956D46DE8}") = "Data", "Data", "{1B42B90D-879B-4C23-865A-8B077C123DCD}"
EndProject
Project("{2150E333-8FDC-42A3-9474-1A3956D46DE8}") = "User", "User", "{5B7B8204-F5C1-4040-BDE3-3B670191F928}"
EndProject
Global
	GlobalSection(SolutionConfigurationPlatforms) = preSolution
		Debug|Any CPU = Debug|Any CPU
		Release|Any CPU = Release|Any CPU
	EndGlobalSection
	GlobalSection(ProjectConfigurationPlatforms) = postSolution
		{1AD9A19A-255C-4838-83C5-D24E4DAA1CF1}.Debug|Any CPU.ActiveCfg = Debug|Any CPU
		{1AD9A19A-255C-4838-83C5-D24E4DAA1CF1}.Debug|Any CPU.Build.0 = Debug|Any CPU
		{1AD9A19A-255C-4838-83C5-D24E4DAA1CF1}.Release|Any CPU.ActiveCfg = Release|Any CPU
		{1AD9A19A-255C-4838-83C5-D24E4DAA1CF1}.Release|Any CPU.Build.0 = Release|Any CPU
		{11CE7CBA-A4F6-4AB4-882F-29F79BAFCF22}.Debug|Any CPU.ActiveCfg = Debug|Any CPU
		{11CE7CBA-A4F6-4AB4-882F-29F79BAFCF22}.Debug|Any CPU.Build.0 = Debug|Any CPU
		{11CE7CBA-A4F6-4AB4-882F-29F79BAFCF22}.Release|Any CPU.ActiveCfg = Release|Any CPU
		{11CE7CBA-A4F6-4AB4-882F-29F79BAFCF22}.Release|Any CPU.Build.0 = Release|Any CPU
		{2C22BCAF-7A37-4702-A877-43E8B683CAA0}.Debug|Any CPU.ActiveCfg = Debug|Any CPU
		{2C22BCAF-7A37-4702-A877-43E8B683CAA0}.Debug|Any CPU.Build.0 = Debug|Any CPU
		{2C22BCAF-7A37-4702-A877-43E8B683CAA0}.Release|Any CPU.ActiveCfg = Release|Any CPU
		{2C22BCAF-7A37-4702-A877-43E8B683CAA0}.Release|Any CPU.Build.0 = Release|Any CPU
		{3792AC96-6827-49C9-BC3B-B8685D96F417}.Debug|Any CPU.ActiveCfg = Debug|Any CPU
		{3792AC96-6827-49C9-BC3B-B8685D96F417}.Debug|Any CPU.Build.0 = Debug|Any CPU
		{3792AC96-6827-49C9-BC3B-B8685D96F417}.Release|Any CPU.ActiveCfg = Release|Any CPU
		{3792AC96-6827-49C9-BC3B-B8685D96F417}.Release|Any CPU.Build.0 = Release|Any CPU
		{7FF64157-C2FB-4C79-B460-BBC03D541ADC}.Debug|Any CPU.ActiveCfg = Debug|Any CPU
		{7FF64157-C2FB-4C79-B460-BBC03D541ADC}.Debug|Any CPU.Build.0 = Debug|Any CPU
		{7FF64157-C2FB-4C79-B460-BBC03D541ADC}.Release|Any CPU.ActiveCfg = Release|Any CPU
		{7FF64157-C2FB-4C79-B460-BBC03D541ADC}.Release|Any CPU.Build.0 = Release|Any CPU
		{CD02D2D4-A12F-43B7-BF7A-5EF0042D5F8D}.Debug|Any CPU.ActiveCfg = Debug|Any CPU
		{CD02D2D4-A12F-43B7-BF7A-5EF0042D5F8D}.Debug|Any CPU.Build.0 = Debug|Any CPU
		{CD02D2D4-A12F-43B7-BF7A-5EF0042D5F8D}.Release|Any CPU.ActiveCfg = Release|Any CPU
		{CD02D2D4-A12F-43B7-BF7A-5EF0042D5F8D}.Release|Any CPU.Build.0 = Release|Any CPU
	EndGlobalSection
	GlobalSection(SolutionProperties) = preSolution
		HideSolutionNode = FALSE
	EndGlobalSection
	GlobalSection(NestedProjects) = preSolution
		{1AD9A19A-255C-4838-83C5-D24E4DAA1CF1} = {79DF2053-2658-4F71-B3D0-8C6597EFD244}
		{2C22BCAF-7A37-4702-A877-43E8B683CAA0} = {AD18D6A8-13C1-47AC-956C-A82577358922}
		{3792AC96-6827-49C9-BC3B-B8685D96F417} = {872E7A36-BAC5-4123-BC3F-2FDD16979C11}
		{2822D680-99A8-4120-B8FC-E662604828FE} = {8A3CBD5A-DE9F-44B4-B9B4-53D5FACC35DC}
		{29AB09A8-B141-4D8D-9E1F-FA31B1CA308D} = {2822D680-99A8-4120-B8FC-E662604828FE}
		{AD18D6A8-13C1-47AC-956C-A82577358922} = {2822D680-99A8-4120-B8FC-E662604828FE}
		{6BAB8681-1735-4591-9433-AF33C68A3CD1} = {29AB09A8-B141-4D8D-9E1F-FA31B1CA308D}
		{872E7A36-BAC5-4123-BC3F-2FDD16979C11} = {29AB09A8-B141-4D8D-9E1F-FA31B1CA308D}
		{8BC0DE7E-F3C6-41E2-B8E3-5844DAFAF6ED} = {29AB09A8-B141-4D8D-9E1F-FA31B1CA308D}
		{7FF64157-C2FB-4C79-B460-BBC03D541ADC} = {BF7C900F-DC0D-4115-8023-6E56181CF7B8}
		{CD02D2D4-A12F-43B7-BF7A-5EF0042D5F8D} = {3790E2B8-2C7F-470F-99C9-82F41427565E}
	EndGlobalSection
	GlobalSection(ExtensibilityGlobals) = postSolution
		SolutionGuid = {CB3FCAA9-5CD6-41FE-8CAE-D6FB8E299B40}
	EndGlobalSection
EndGlobal
