
Microsoft Visual Studio Solution File, Format Version 12.00
# Visual Studio Version 17
VisualStudioVersion = 17.4.33213.308
MinimumVisualStudioVersion = 10.0.40219.1
Project("{2150E333-8FDC-42A3-9474-1A3956D46DE8}") = "sources", "sources", "{19034627-21F5-4304-B322-D4C79B0C067E}"
	ProjectSection(SolutionItems) = preProject
		..\sources\Wiki\CPPImplementation.cpp = ..\sources\Wiki\CPPImplementation.cpp
		..\sources\Wiki\Pseudocode.txt = ..\sources\Wiki\Pseudocode.txt
		..\sources\Codingtrain\quadtree.js = ..\sources\Codingtrain\quadtree.js
	EndProjectSection
EndProject
Project("{9A19103F-16F7-4668-BE54-9A1E7A4F7556}") = "g2.Animation.TestWPFDesktopApp", "TestWPFDesktopApp\g2.Animation.TestWPFDesktopApp.csproj", "{11CE7CBA-A4F6-4AB4-882F-29F79BAFCF22}"
EndProject
Project("{9A19103F-16F7-4668-BE54-9A1E7A4F7556}") = "g2.Animation.UI.WPF", "UI\WPF\Shapes\g2.Animation.UI.WPF.csproj", "{2C22BCAF-7A37-4702-A877-43E8B683CAA0}"
EndProject
Project("{2150E333-8FDC-42A3-9474-1A3956D46DE8}") = "Core", "Core", "{BF7C900F-DC0D-4115-8023-6E56181CF7B8}"
EndProject
Project("{2150E333-8FDC-42A3-9474-1A3956D46DE8}") = "Tests", "Tests", "{79DF2053-2658-4F71-B3D0-8C6597EFD244}"
EndProject
Project("{2150E333-8FDC-42A3-9474-1A3956D46DE8}") = "UI", "UI", "{8A3CBD5A-DE9F-44B4-B9B4-53D5FACC35DC}"
EndProject
Project("{2150E333-8FDC-42A3-9474-1A3956D46DE8}") = "WPF", "WPF", "{2822D680-99A8-4120-B8FC-E662604828FE}"
EndProject
Project("{2150E333-8FDC-42A3-9474-1A3956D46DE8}") = "Datastructures", "Datastructures", "{3790E2B8-2C7F-470F-99C9-82F41427565E}"
EndProject
Project("{9A19103F-16F7-4668-BE54-9A1E7A4F7556}") = "g2.Animation.Core", "Core\g2.Animation.Core.csproj", "{7FF64157-C2FB-4C79-B460-BBC03D541ADC}"
EndProject
Project("{9A19103F-16F7-4668-BE54-9A1E7A4F7556}") = "g2.Datastructures", "..\Datastructures\g2.Datastructures.csproj", "{CD02D2D4-A12F-43B7-BF7A-5EF0042D5F8D}"
EndProject
Project("{2150E333-8FDC-42A3-9474-1A3956D46DE8}") = "Data", "Data", "{1B42B90D-879B-4C23-865A-8B077C123DCD}"
EndProject
Project("{2150E333-8FDC-42A3-9474-1A3956D46DE8}") = "User", "User", "{5B7B8204-F5C1-4040-BDE3-3B670191F928}"
EndProject
Project("{2150E333-8FDC-42A3-9474-1A3956D46DE8}") = "Benchmarks", "Benchmarks", "{506F8D03-1C2F-4231-99BC-04ACCE5FDF57}"
EndProject
Project("{2150E333-8FDC-42A3-9474-1A3956D46DE8}") = "UnitTests", "UnitTests", "{17BCB89F-9DBB-43E6-98C7-83A44652BC92}"
EndProject
Project("{9A19103F-16F7-4668-BE54-9A1E7A4F7556}") = "g2.Animation.Core.Benchmarks", "Tests\Benchmarks\g2.Animation.Benchmarks\g2.Animation.Core.Benchmarks.csproj", "{93FDAA76-35E2-41AC-8904-6399C532754D}"
EndProject
Project("{2150E333-8FDC-42A3-9474-1A3956D46DE8}") = "src", "src", "{EC31C193-7202-46E7-9F6A-629A53767A1F}"
EndProject
Global
	GlobalSection(SolutionConfigurationPlatforms) = preSolution
		Debug|Any CPU = Debug|Any CPU
		Release|Any CPU = Release|Any CPU
	EndGlobalSection
	GlobalSection(ProjectConfigurationPlatforms) = postSolution
		{11CE7CBA-A4F6-4AB4-882F-29F79BAFCF22}.Debug|Any CPU.ActiveCfg = Debug|Any CPU
		{11CE7CBA-A4F6-4AB4-882F-29F79BAFCF22}.Debug|Any CPU.Build.0 = Debug|Any CPU
		{11CE7CBA-A4F6-4AB4-882F-29F79BAFCF22}.Release|Any CPU.ActiveCfg = Release|Any CPU
		{11CE7CBA-A4F6-4AB4-882F-29F79BAFCF22}.Release|Any CPU.Build.0 = Release|Any CPU
		{2C22BCAF-7A37-4702-A877-43E8B683CAA0}.Debug|Any CPU.ActiveCfg = Debug|Any CPU
		{2C22BCAF-7A37-4702-A877-43E8B683CAA0}.Debug|Any CPU.Build.0 = Debug|Any CPU
		{2C22BCAF-7A37-4702-A877-43E8B683CAA0}.Release|Any CPU.ActiveCfg = Release|Any CPU
		{2C22BCAF-7A37-4702-A877-43E8B683CAA0}.Release|Any CPU.Build.0 = Release|Any CPU
		{7FF64157-C2FB-4C79-B460-BBC03D541ADC}.Debug|Any CPU.ActiveCfg = Debug|Any CPU
		{7FF64157-C2FB-4C79-B460-BBC03D541ADC}.Debug|Any CPU.Build.0 = Debug|Any CPU
		{7FF64157-C2FB-4C79-B460-BBC03D541ADC}.Release|Any CPU.ActiveCfg = Release|Any CPU
		{7FF64157-C2FB-4C79-B460-BBC03D541ADC}.Release|Any CPU.Build.0 = Release|Any CPU
		{CD02D2D4-A12F-43B7-BF7A-5EF0042D5F8D}.Debug|Any CPU.ActiveCfg = Debug|Any CPU
		{CD02D2D4-A12F-43B7-BF7A-5EF0042D5F8D}.Debug|Any CPU.Build.0 = Debug|Any CPU
		{CD02D2D4-A12F-43B7-BF7A-5EF0042D5F8D}.Release|Any CPU.ActiveCfg = Release|Any CPU
		{CD02D2D4-A12F-43B7-BF7A-5EF0042D5F8D}.Release|Any CPU.Build.0 = Release|Any CPU
		{93FDAA76-35E2-41AC-8904-6399C532754D}.Debug|Any CPU.ActiveCfg = Debug|Any CPU
		{93FDAA76-35E2-41AC-8904-6399C532754D}.Debug|Any CPU.Build.0 = Debug|Any CPU
		{93FDAA76-35E2-41AC-8904-6399C532754D}.Release|Any CPU.ActiveCfg = Release|Any CPU
		{93FDAA76-35E2-41AC-8904-6399C532754D}.Release|Any CPU.Build.0 = Release|Any CPU
	EndGlobalSection
	GlobalSection(SolutionProperties) = preSolution
		HideSolutionNode = FALSE
	EndGlobalSection
	GlobalSection(NestedProjects) = preSolution
		{2C22BCAF-7A37-4702-A877-43E8B683CAA0} = {2822D680-99A8-4120-B8FC-E662604828FE}
		{8A3CBD5A-DE9F-44B4-B9B4-53D5FACC35DC} = {EC31C193-7202-46E7-9F6A-629A53767A1F}
		{2822D680-99A8-4120-B8FC-E662604828FE} = {8A3CBD5A-DE9F-44B4-B9B4-53D5FACC35DC}
		{7FF64157-C2FB-4C79-B460-BBC03D541ADC} = {BF7C900F-DC0D-4115-8023-6E56181CF7B8}
		{CD02D2D4-A12F-43B7-BF7A-5EF0042D5F8D} = {3790E2B8-2C7F-470F-99C9-82F41427565E}
		{506F8D03-1C2F-4231-99BC-04ACCE5FDF57} = {79DF2053-2658-4F71-B3D0-8C6597EFD244}
		{17BCB89F-9DBB-43E6-98C7-83A44652BC92} = {79DF2053-2658-4F71-B3D0-8C6597EFD244}
		{93FDAA76-35E2-41AC-8904-6399C532754D} = {506F8D03-1C2F-4231-99BC-04ACCE5FDF57}
	EndGlobalSection
	GlobalSection(ExtensibilityGlobals) = postSolution
		SolutionGuid = {CB3FCAA9-5CD6-41FE-8CAE-D6FB8E299B40}
	EndGlobalSection
EndGlobal
